
Microsoft Visual Studio Solution File, Format Version 12.00
# Visual Studio Version 17
VisualStudioVersion = 17.2.32630.192
MinimumVisualStudioVersion = 10.0.40219.1
Project("{9A19103F-16F7-4668-BE54-9A1E7A4F7556}") = "MeetingApplication", "MeetingApplication\MeetingApplication.csproj", "{CBAFB85E-8B7A-4852-AE44-863B35BD9392}"
EndProject
Project("{FAE04EC0-301F-11D3-BF4B-00C04F79EFBC}") = "UnitTests", "UnitTests\UnitTests.csproj", "{7885EF99-730A-4739-A34E-15D3888C6DE2}"
EndProject
Global
	GlobalSection(SolutionConfigurationPlatforms) = preSolution
		Debug|Any CPU = Debug|Any CPU
		Release|Any CPU = Release|Any CPU
	EndGlobalSection
	GlobalSection(ProjectConfigurationPlatforms) = postSolution
		{CBAFB85E-8B7A-4852-AE44-863B35BD9392}.Debug|Any CPU.ActiveCfg = Debug|Any CPU
		{CBAFB85E-8B7A-4852-AE44-863B35BD9392}.Debug|Any CPU.Build.0 = Debug|Any CPU
		{CBAFB85E-8B7A-4852-AE44-863B35BD9392}.Release|Any CPU.ActiveCfg = Release|Any CPU
		{CBAFB85E-8B7A-4852-AE44-863B35BD9392}.Release|Any CPU.Build.0 = Release|Any CPU
		{7885EF99-730A-4739-A34E-15D3888C6DE2}.Debug|Any CPU.ActiveCfg = Debug|Any CPU
		{7885EF99-730A-4739-A34E-15D3888C6DE2}.Debug|Any CPU.Build.0 = Debug|Any CPU
		{7885EF99-730A-4739-A34E-15D3888C6DE2}.Release|Any CPU.ActiveCfg = Release|Any CPU
		{7885EF99-730A-4739-A34E-15D3888C6DE2}.Release|Any CPU.Build.0 = Release|Any CPU
	EndGlobalSection
	GlobalSection(SolutionProperties) = preSolution
		HideSolutionNode = FALSE
	EndGlobalSection
	GlobalSection(ExtensibilityGlobals) = postSolution
		SolutionGuid = {C6DE907D-CA47-4277-94C6-E860167EF600}
	EndGlobalSection
EndGlobal
